
Microsoft Visual Studio Solution File, Format Version 12.00
# Visual Studio Version 17
VisualStudioVersion = 17.0.31410.414
MinimumVisualStudioVersion = 10.0.40219.1
Project("{2150E333-8FDC-42A3-9474-1A3956D46DE8}") = "Solution Items", "Solution Items", "{DD7EA67A-4FE1-4D4F-825E-51FF842107AB}"
	ProjectSection(SolutionItems) = preProject
		.editorconfig = .editorconfig
		.gitattributes = .gitattributes
		.gitignore = .gitignore
		.vsconfig = .vsconfig
		build.ps1 = build.ps1
		CommonAssemblyInfo.cs = CommonAssemblyInfo.cs
		Directory.Build.props = Directory.Build.props
		Directory.Build.targets = Directory.Build.targets
		Directory.Packages.props = Directory.Packages.props
		global.json = global.json
		LICENSE = LICENSE
		NuGet.config = NuGet.config
		README.md = README.md
		stylecop.json = stylecop.json
		Website.ruleset = Website.ruleset
	EndProjectSection
EndProject
Project("{2150E333-8FDC-42A3-9474-1A3956D46DE8}") = "src", "src", "{0EED3EF2-37DE-4E6E-B766-3E641D163515}"
EndProject
Project("{9A19103F-16F7-4668-BE54-9A1E7A4F7556}") = "Website", "src\Website\Website.csproj", "{03AC5596-565F-46B3-A7FD-F70F44C1CBB2}"
EndProject
Project("{2150E333-8FDC-42A3-9474-1A3956D46DE8}") = "tests", "tests", "{668E07A5-C40F-4694-9D3C-EBC1180656CF}"
EndProject
Project("{9A19103F-16F7-4668-BE54-9A1E7A4F7556}") = "Website.Tests", "tests\Website.Tests\Website.Tests.csproj", "{CB17AD8E-C3F1-45B3-B7BF-E973DAB75840}"
EndProject
Project("{2150E333-8FDC-42A3-9474-1A3956D46DE8}") = ".github", ".github", "{FBD3A6A5-5C9F-4950-B0D2-ECC3A0A2C954}"
EndProject
Project("{2150E333-8FDC-42A3-9474-1A3956D46DE8}") = "workflows", "workflows", "{5B31CD2E-3F11-4609-88E8-117EF1389235}"
	ProjectSection(SolutionItems) = preProject
		.github\workflows\build.yml = .github\workflows\build.yml
		.github\workflows\update-dotnet-sdk.yml = .github\workflows\update-dotnet-sdk.yml
	EndProjectSection
EndProject
Global
	GlobalSection(SolutionConfigurationPlatforms) = preSolution
		Debug|Any CPU = Debug|Any CPU
		Release|Any CPU = Release|Any CPU
	EndGlobalSection
	GlobalSection(ProjectConfigurationPlatforms) = postSolution
		{03AC5596-565F-46B3-A7FD-F70F44C1CBB2}.Debug|Any CPU.ActiveCfg = Debug|Any CPU
		{03AC5596-565F-46B3-A7FD-F70F44C1CBB2}.Debug|Any CPU.Build.0 = Debug|Any CPU
		{03AC5596-565F-46B3-A7FD-F70F44C1CBB2}.Release|Any CPU.ActiveCfg = Release|Any CPU
		{03AC5596-565F-46B3-A7FD-F70F44C1CBB2}.Release|Any CPU.Build.0 = Release|Any CPU
		{CB17AD8E-C3F1-45B3-B7BF-E973DAB75840}.Debug|Any CPU.ActiveCfg = Debug|Any CPU
		{CB17AD8E-C3F1-45B3-B7BF-E973DAB75840}.Debug|Any CPU.Build.0 = Debug|Any CPU
		{CB17AD8E-C3F1-45B3-B7BF-E973DAB75840}.Release|Any CPU.ActiveCfg = Release|Any CPU
		{CB17AD8E-C3F1-45B3-B7BF-E973DAB75840}.Release|Any CPU.Build.0 = Release|Any CPU
	EndGlobalSection
	GlobalSection(SolutionProperties) = preSolution
		HideSolutionNode = FALSE
	EndGlobalSection
	GlobalSection(NestedProjects) = preSolution
		{03AC5596-565F-46B3-A7FD-F70F44C1CBB2} = {0EED3EF2-37DE-4E6E-B766-3E641D163515}
		{CB17AD8E-C3F1-45B3-B7BF-E973DAB75840} = {668E07A5-C40F-4694-9D3C-EBC1180656CF}
		{FBD3A6A5-5C9F-4950-B0D2-ECC3A0A2C954} = {DD7EA67A-4FE1-4D4F-825E-51FF842107AB}
		{5B31CD2E-3F11-4609-88E8-117EF1389235} = {FBD3A6A5-5C9F-4950-B0D2-ECC3A0A2C954}
	EndGlobalSection
	GlobalSection(ExtensibilityGlobals) = postSolution
		SolutionGuid = {15DDCA85-B2C3-4172-8203-DB0967289CA4}
	EndGlobalSection
EndGlobal
